<?xml version="1.0" encoding="utf-8"?>
<Project ToolsVersion="4.0" xmlns="http://schemas.microsoft.com/developer/msbuild/2003">
  <ItemGroup>
    <Filter Include="源文件">
      <UniqueIdentifier>{4FC737F1-C7A5-4376-A066-2A32D752A2FF}</UniqueIdentifier>
      <Extensions>cpp;c;cc;cxx;def;odl;idl;hpj;bat;asm;asmx</Extensions>
    </Filter>
    <Filter Include="头文件">
      <UniqueIdentifier>{93995380-89BD-4b04-88EB-625FBE52EBFB}</UniqueIdentifier>
      <Extensions>h;hpp;hxx;hm;inl;inc;xsd</Extensions>
    </Filter>
    <Filter Include="资源文件">
      <UniqueIdentifier>{67DA6AB6-F800-4c08-8B7A-83BB121AAD01}</UniqueIdentifier>
      <Extensions>rc;ico;cur;bmp;dlg;rc2;rct;bin;rgs;gif;jpg;jpeg;jpe;resx;tiff;tif;png;wav;mfcribbon-ms</Extensions>
    </Filter>
  </ItemGroup>
  <ItemGroup>
    <None Include="ReadMe.txt" />
    <None Include="res\demodoc.rc2">
      <Filter>资源文件</Filter>
    </None>
    <None Include="res\demodoc.ico">
      <Filter>资源文件</Filter>
    </None>
    <None Include="res\aaa.jpg">
      <Filter>资源文件</Filter>
    </None>
    <None Include="res\button\101.bmp">
      <Filter>资源文件</Filter>
    </None>
    <None Include="res\button\102.bmp">
      <Filter>资源文件</Filter>
    </None>
    <None Include="res\button\beian.bmp">
      <Filter>资源文件</Filter>
    </None>
    <None Include="res\button\bitmap1.bmp">
      <Filter>资源文件</Filter>
    </None>
    <None Include="res\button\defaultbutton.bmp">
      <Filter>资源文件</Filter>
    </None>
    <None Include="res\button\biangeng.bmp">
      <Filter>资源文件</Filter>
    </None>
    <None Include="res\button\biaoge.bmp">
      <Filter>资源文件</Filter>
    </None>
    <None Include="res\button\ds.bmp">
      <Filter>资源文件</Filter>
    </None>
    <None Include="res\button\fddb.bmp">
      <Filter>资源文件</Filter>
    </None>
    <None Include="res\button\gd.bmp">
      <Filter>资源文件</Filter>
    </None>
    <None Include="res\button\gerendizi.bmp">
      <Filter>资源文件</Filter>
    </None>
    <None Include="res\button\gerenduzi.bmp">
      <Filter>资源文件</Filter>
    </None>
    <None Include="res\button\gs.bmp">
      <Filter>资源文件</Filter>
    </None>
    <None Include="res\button\gsfb.bmp">
      <Filter>资源文件</Filter>
    </None>
    <None Include="res\button\hezibianduzi.bmp">
      <Filter>资源文件</Filter>
    </None>
    <None Include="res\button\hhqy.bmp">
      <Filter>资源文件</Filter>
    </None>
    <None Include="res\button\hwhuoqiye.bmp">
      <Filter>资源文件</Filter>
    </None>
    <None Include="res\button\hzyxgs.bmp">
      <Filter>资源文件</Filter>
    </None>
    <None Include="res\button\jl.bmp">
      <Filter>资源文件</Filter>
    </None>
    <None Include="res\button\js.bmp">
      <Filter>资源文件</Filter>
    </None>
    <None Include="res\button\jz.bmp">
      <Filter>资源文件</Filter>
    </None>
    <None Include="res\button\leixinhub.bmp">
      <Filter>资源文件</Filter>
    </None>
    <None Include="res\button\qita.bmp">
      <Filter>资源文件</Filter>
    </None>
    <None Include="res\button\qsz.bmp">
      <Filter>资源文件</Filter>
    </None>
    <None Include="res\button\Untitled-1.bmp">
      <Filter>资源文件</Filter>
    </None>
    <None Include="res\button\waizi1.bmp">
      <Filter>资源文件</Filter>
    </None>
    <None Include="res\button\waizi2.bmp">
      <Filter>资源文件</Filter>
    </None>
    <None Include="res\button\waizi3.bmp">
      <Filter>资源文件</Filter>
    </None>
    <None Include="res\button\waizi4.bmp">
      <Filter>资源文件</Filter>
    </None>
    <None Include="res\button\waizi5.bmp">
      <Filter>资源文件</Filter>
    </None>
    <None Include="res\button\yangz.bmp">
      <Filter>资源文件</Filter>
    </None>
    <None Include="res\button\yirenbianhezi.bmp">
      <Filter>资源文件</Filter>
    </None>
    <None Include="res\button\yirenyoux.bmp">
      <Filter>资源文件</Filter>
    </None>
    <None Include="res\button\zc.bmp">
      <Filter>资源文件</Filter>
    </None>
    <None Include="res\button\zhuxiao.bmp">
      <Filter>资源文件</Filter>
    </None>
    <None Include="res\button\zz.bmp">
      <Filter>资源文件</Filter>
    </None>
    <None Include="res\exit.bmp">
      <Filter>资源文件</Filter>
    </None>
    <None Include="res\button\cailiao.bmp">
      <Filter>资源文件</Filter>
    </None>
    <None Include="res\button\ky.bmp">
      <Filter>资源文件</Filter>
    </None>
  </ItemGroup>
  <ItemGroup>
    <ClInclude Include="demodoc.h">
      <Filter>头文件</Filter>
    </ClInclude>
    <ClInclude Include="demodocDlg.h">
      <Filter>头文件</Filter>
    </ClInclude>
    <ClInclude Include="stdafx.h">
      <Filter>头文件</Filter>
    </ClInclude>
    <ClInclude Include="targetver.h">
      <Filter>头文件</Filter>
    </ClInclude>
    <ClInclude Include="Resource.h">
      <Filter>头文件</Filter>
    </ClInclude>
    <ClInclude Include="ChooseDlg.h">
      <Filter>头文件</Filter>
    </ClInclude>
    <ClInclude Include="ManageDlg.h">
      <Filter>头文件</Filter>
    </ClInclude>
    <ClInclude Include="MainDlg.h">
      <Filter>头文件</Filter>
    </ClInclude>
    <ClInclude Include="FirstDlg.h">
      <Filter>头文件</Filter>
    </ClInclude>
    <ClInclude Include="SecondDlg.h">
      <Filter>头文件</Filter>
    </ClInclude>
    <ClInclude Include="ThirdDlg.h">
      <Filter>头文件</Filter>
    </ClInclude>
    <ClInclude Include="ThirdoneDlg.h">
      <Filter>头文件</Filter>
    </ClInclude>
    <ClInclude Include="sqlite3.h">
      <Filter>头文件</Filter>
    </ClInclude>
    <ClInclude Include="LoginDlg.h">
      <Filter>头文件</Filter>
    </ClInclude>
    <ClInclude Include="AddinfoDlg.h">
      <Filter>头文件</Filter>
    </ClInclude>
    <ClInclude Include="ContentListDlg.h">
      <Filter>头文件</Filter>
    </ClInclude>
    <ClInclude Include="DirListCtrlDlg.h">
      <Filter>头文件</Filter>
    </ClInclude>
    <ClInclude Include="FileListDlg.h">
      <Filter>头文件</Filter>
    </ClInclude>
    <ClInclude Include="PdfViewDlg.h">
      <Filter>头文件</Filter>
    </ClInclude>
    <ClInclude Include="pdf1.h">
      <Filter>头文件</Filter>
    </ClInclude>
  </ItemGroup>
  <ItemGroup>
    <ClCompile Include="demodoc.cpp">
      <Filter>源文件</Filter>
    </ClCompile>
    <ClCompile Include="demodocDlg.cpp">
      <Filter>源文件</Filter>
    </ClCompile>
    <ClCompile Include="stdafx.cpp">
      <Filter>源文件</Filter>
    </ClCompile>
    <ClCompile Include="ChooseDlg.cpp">
      <Filter>源文件</Filter>
    </ClCompile>
    <ClCompile Include="ManageDlg.cpp">
      <Filter>源文件</Filter>
    </ClCompile>
    <ClCompile Include="MainDlg.cpp">
      <Filter>源文件</Filter>
    </ClCompile>
    <ClCompile Include="FirstDlg.cpp">
      <Filter>源文件</Filter>
    </ClCompile>
    <ClCompile Include="SecondDlg.cpp">
      <Filter>源文件</Filter>
    </ClCompile>
    <ClCompile Include="ThirdDlg.cpp">
      <Filter>源文件</Filter>
    </ClCompile>
    <ClCompile Include="ThirdoneDlg.cpp">
      <Filter>源文件</Filter>
    </ClCompile>
    <ClCompile Include="sqlite3.c">
      <Filter>源文件</Filter>
    </ClCompile>
    <ClCompile Include="LoginDlg.cpp">
      <Filter>源文件</Filter>
    </ClCompile>
    <ClCompile Include="AddinfoDlg.cpp">
      <Filter>源文件</Filter>
    </ClCompile>
    <ClCompile Include="ContentListDlg.cpp">
      <Filter>源文件</Filter>
    </ClCompile>
    <ClCompile Include="DirListCtrlDlg.cpp">
      <Filter>源文件</Filter>
    </ClCompile>
    <ClCompile Include="FileListDlg.cpp">
      <Filter>源文件</Filter>
    </ClCompile>
    <ClCompile Include="PdfViewDlg.cpp">
      <Filter>源文件</Filter>
    </ClCompile>
    <ClCompile Include="pdf1.cpp">
      <Filter>源文件</Filter>
    </ClCompile>
  </ItemGroup>
  <ItemGroup>
    <ResourceCompile Include="demodoc.rc">
      <Filter>资源文件</Filter>
    </ResourceCompile>
  </ItemGroup>
</Project>